dependencies:
- name: postgresql
  repository: oci://registry-1.docker.io/bitnamicharts
  version: 18.2.6
- name: redis
  repository: oci://registry-1.docker.io/bitnamicharts
  version: 24.1.8
- name: minio
  repository: oci://registry-1.docker.io/bitnamicharts
  version: 17.0.21
digest: sha256:942059f3acd64c0fbdaccbc995e771ac714e4759205c19c64b598761e639a906
generated: "2026-02-12T00:41:16.729209286+03:00"
